// !$*UTF8*$!
{
	archiveVersion = 1;
	classes = {
	};
	objectVersion = 46;
	objects = {

/* Begin PBXBuildFile section */
		E372181E13B72C78000684BB /* UIKit.framework in Frameworks */ = {isa = PBXBuildFile; fileRef = E372181D13B72C78000684BB /* UIKit.framework */; };
		E372182013B72C78000684BB /* Foundation.framework in Frameworks */ = {isa = PBXBuildFile; fileRef = E372181F13B72C78000684BB /* Foundation.framework */; };
		E372182213B72C78000684BB /* CoreGraphics.framework in Frameworks */ = {isa = PBXBuildFile; fileRef = E372182113B72C78000684BB /* CoreGraphics.framework */; };
		E372182813B72C78000684BB /* InfoPlist.strings in Resources */ = {isa = PBXBuildFile; fileRef = E372182613B72C78000684BB /* InfoPlist.strings */; };
		E372182B13B72C78000684BB /* main.m in Sources */ = {isa = PBXBuildFile; fileRef = E372182A13B72C78000684BB /* main.m */; };
		E372182E13B72C78000684BB /* geoconverterAppDelegate.m in Sources */ = {isa = PBXBuildFile; fileRef = E372182D13B72C78000684BB /* geoconverterAppDelegate.m */; };
		E372183113B72C78000684BB /* MainWindow.xib in Resources */ = {isa = PBXBuildFile; fileRef = E372182F13B72C78000684BB /* MainWindow.xib */; };
		E372183413B72C78000684BB /* FirstViewController.m in Sources */ = {isa = PBXBuildFile; fileRef = E372183313B72C78000684BB /* FirstViewController.m */; };
		E372183713B72C78000684BB /* SecondViewController.m in Sources */ = {isa = PBXBuildFile; fileRef = E372183613B72C78000684BB /* SecondViewController.m */; };
		E372183A13B72C78000684BB /* FirstView.xib in Resources */ = {isa = PBXBuildFile; fileRef = E372183813B72C78000684BB /* FirstView.xib */; };
		E372183D13B72C79000684BB /* SecondView.xib in Resources */ = {isa = PBXBuildFile; fileRef = E372183B13B72C79000684BB /* SecondView.xib */; };
/* End PBXBuildFile section */

/* Begin PBXFileReference section */
		E372181913B72C78000684BB /* geoconverter.app */ = {isa = PBXFileReference; explicitFileType = wrapper.application; includeInIndex = 0; path = geoconverter.app; sourceTree = BUILT_PRODUCTS_DIR; };
		E372181D13B72C78000684BB /* UIKit.framework */ = {isa = PBXFileReference; lastKnownFileType = wrapper.framework; name = UIKit.framework; path = System/Library/Frameworks/UIKit.framework; sourceTree = SDKROOT; };
		E372181F13B72C78000684BB /* Foundation.framework */ = {isa = PBXFileReference; lastKnownFileType = wrapper.framework; name = Foundation.framework; path = System/Library/Frameworks/Foundation.framework; sourceTree = SDKROOT; };
		E372182113B72C78000684BB /* CoreGraphics.framework */ = {isa = PBXFileReference; lastKnownFileType = wrapper.framework; name = CoreGraphics.framework; path = System/Library/Frameworks/CoreGraphics.framework; sourceTree = SDKROOT; };
		E372182513B72C78000684BB /* geoconverter-Info.plist */ = {isa = PBXFileReference; path = "geoconverter-Info.plist"; sourceTree = "<group>"; };
		E372182713B72C78000684BB /* en */ = {isa = PBXFileReference; lastKnownFileType = text.plist.strings; name = en; path = en.lproj/InfoPlist.strings; sourceTree = "<group>"; };
		E372182913B72C78000684BB /* geoconverter-Prefix.pch */ = {isa = PBXFileReference; path = "geoconverter-Prefix.pch"; sourceTree = "<group>"; };
		E372182A13B72C78000684BB /* main.m */ = {isa = PBXFileReference; lastKnownFileType = sourcecode.c.objc; path = main.m; sourceTree = "<group>"; };
		E372182C13B72C78000684BB /* geoconverterAppDelegate.h */ = {isa = PBXFileReference; path = geoconverterAppDelegate.h; sourceTree = "<group>"; };
		E372182D13B72C78000684BB /* geoconverterAppDelegate.m */ = {isa = PBXFileReference; lastKnownFileType = sourcecode.c.objc; path = geoconverterAppDelegate.m; sourceTree = "<group>"; };
		E372183013B72C78000684BB /* en */ = {isa = PBXFileReference; lastKnownFileType = file.xib; name = en; path = en.lproj/MainWindow.xib; sourceTree = "<group>"; };
		E372183213B72C78000684BB /* FirstViewController.h */ = {isa = PBXFileReference; path = FirstViewController.h; sourceTree = "<group>"; };
		E372183313B72C78000684BB /* FirstViewController.m */ = {isa = PBXFileReference; lastKnownFileType = sourcecode.c.objc; path = FirstViewController.m; sourceTree = "<group>"; };
		E372183513B72C78000684BB /* SecondViewController.h */ = {isa = PBXFileReference; path = SecondViewController.h; sourceTree = "<group>"; };
		E372183613B72C78000684BB /* SecondViewController.m */ = {isa = PBXFileReference; lastKnownFileType = sourcecode.c.objc; path = SecondViewController.m; sourceTree = "<group>"; };
		E372183913B72C78000684BB /* en */ = {isa = PBXFileReference; lastKnownFileType = file.xib; name = en; path = en.lproj/FirstView.xib; sourceTree = "<group>"; };
		E372183C13B72C79000684BB /* en */ = {isa = PBXFileReference; lastKnownFileType = file.xib; name = en; path = en.lproj/SecondView.xib; sourceTree = "<group>"; };
/* End PBXFileReference section */

/* Begin PBXFrameworksBuildPhase section */
		E372181613B72C78000684BB /* Frameworks */ = {
			isa = PBXFrameworksBuildPhase;
			buildActionMask = 2147483647;
			files = (
				E372181E13B72C78000684BB /* UIKit.framework in Frameworks */,
				E372182013B72C78000684BB /* Foundation.framework in Frameworks */,
				E372182213B72C78000684BB /* CoreGraphics.framework in Frameworks */,
			);
			runOnlyForDeploymentPostprocessing = 0;
		};
/* End PBXFrameworksBuildPhase section */

/* Begin PBXGroup section */
		E372180E13B72C78000684BB = {
			isa = PBXGroup;
			children = (
				E372182313B72C78000684BB /* geoconverter */,
				E372181C13B72C78000684BB /* Frameworks */,
				E372181A13B72C78000684BB /* Products */,
			);
			sourceTree = "<group>";
		};
		E372181A13B72C78000684BB /* Products */ = {
			isa = PBXGroup;
			children = (
				E372181913B72C78000684BB /* geoconverter.app */,
			);
			name = Products;
			sourceTree = "<group>";
		};
		E372181C13B72C78000684BB /* Frameworks */ = {
			isa = PBXGroup;
			children = (
				E372181D13B72C78000684BB /* UIKit.framework */,
				E372181F13B72C78000684BB /* Foundation.framework */,
				E372182113B72C78000684BB /* CoreGraphics.framework */,
			);
			name = Frameworks;
			sourceTree = "<group>";
		};
		E372182313B72C78000684BB /* geoconverter */ = {
			isa = PBXGroup;
			children = (
				E372182C13B72C78000684BB /* geoconverterAppDelegate.h */,
				E372182D13B72C78000684BB /* geoconverterAppDelegate.m */,
				E372182F13B72C78000684BB /* MainWindow.xib */,
				E372183213B72C78000684BB /* FirstViewController.h */,
				E372183313B72C78000684BB /* FirstViewController.m */,
				E372183513B72C78000684BB /* SecondViewController.h */,
				E372183613B72C78000684BB /* SecondViewController.m */,
				E372183813B72C78000684BB /* FirstView.xib */,
				E372183B13B72C79000684BB /* SecondView.xib */,
				E372182413B72C78000684BB /* Supporting Files */,
			);
			path = geoconverter;
			sourceTree = "<group>";
		};
		E372182413B72C78000684BB /* Supporting Files */ = {
			isa = PBXGroup;
			children = (
				E372182513B72C78000684BB /* geoconverter-Info.plist */,
				E372182613B72C78000684BB /* InfoPlist.strings */,
				E372182913B72C78000684BB /* geoconverter-Prefix.pch */,
				E372182A13B72C78000684BB /* main.m */,
			);
			name = "Supporting Files";
			sourceTree = "<group>";
		};
/* End PBXGroup section */

/* Begin PBXNativeTarget section */
		E372181813B72C78000684BB /* geoconverter */ = {
			isa = PBXNativeTarget;
			buildConfigurationList = E372184013B72C79000684BB /* Build configuration list for PBXNativeTarget "geoconverter" */;
			buildPhases = (
				E372181513B72C78000684BB /* Sources */,
				E372181613B72C78000684BB /* Frameworks */,
				E372181713B72C78000684BB /* Resources */,
			);
			buildRules = (
			);
			dependencies = (
			);
			name = geoconverter;
			productName = geoconverter;
			productReference = E372181913B72C78000684BB /* geoconverter.app */;
			productType = "com.apple.product-type.application";
		};
/* End PBXNativeTarget section */

/* Begin PBXProject section */
		E372181013B72C78000684BB /* Project object */ = {
			isa = PBXProject;
			attributes = {
				ORGANIZATIONNAME = ibm;
			};
			buildConfigurationList = E372181313B72C78000684BB /* Build configuration list for PBXProject "geoconverter" */;
			compatibilityVersion = "Xcode 3.2";
			developmentRegion = English;
			hasScannedForEncodings = 0;
			knownRegions = (
				en,
			);
			mainGroup = E372180E13B72C78000684BB;
			productRefGroup = E372181A13B72C78000684BB /* Products */;
			projectDirPath = "";
			projectRoot = "";
			targets = (
				E372181813B72C78000684BB /* geoconverter */,
			);
		};
/* End PBXProject section */

/* Begin PBXResourcesBuildPhase section */
		E372181713B72C78000684BB /* Resources */ = {
			isa = PBXResourcesBuildPhase;
			buildActionMask = 2147483647;
			files = (
				E372182813B72C78000684BB /* InfoPlist.strings in Resources */,
				E372183113B72C78000684BB /* MainWindow.xib in Resources */,
				E372183A13B72C78000684BB /* FirstView.xib in Resources */,
				E372183D13B72C79000684BB /* SecondView.xib in Resources */,
			);
			runOnlyForDeploymentPostprocessing = 0;
		};
/* End PBXResourcesBuildPhase section */

/* Begin PBXSourcesBuildPhase section */
		E372181513B72C78000684BB /* Sources */ = {
			isa = PBXSourcesBuildPhase;
			buildActionMask = 2147483647;
			files = (
				E372182B13B72C78000684BB /* main.m in Sources */,
				E372182E13B72C78000684BB /* geoconverterAppDelegate.m in Sources */,
				E372183413B72C78000684BB /* FirstViewController.m in Sources */,
				E372183713B72C78000684BB /* SecondViewController.m in Sources */,
			);
			runOnlyForDeploymentPostprocessing = 0;
		};
/* End PBXSourcesBuildPhase section */

/* Begin PBXVariantGroup section */
		E372182613B72C78000684BB /* InfoPlist.strings */ = {
			isa = PBXVariantGroup;
			children = (
				E372182713B72C78000684BB /* en */,
			);
			name = InfoPlist.strings;
			sourceTree = "<group>";
		};
		E372182F13B72C78000684BB /* MainWindow.xib */ = {
			isa = PBXVariantGroup;
			children = (
				E372183013B72C78000684BB /* en */,
			);
			name = MainWindow.xib;
			sourceTree = "<group>";
		};
		E372183813B72C78000684BB /* FirstView.xib */ = {
			isa = PBXVariantGroup;
			children = (
				E372183913B72C78000684BB /* en */,
			);
			name = FirstView.xib;
			sourceTree = "<group>";
		};
		E372183B13B72C79000684BB /* SecondView.xib */ = {
			isa = PBXVariantGroup;
			children = (
				E372183C13B72C79000684BB /* en */,
			);
			name = SecondView.xib;
			sourceTree = "<group>";
		};
/* End PBXVariantGroup section */

/* Begin XCBuildConfiguration section */
		E372183E13B72C79000684BB /* Debug */ = {
			isa = XCBuildConfiguration;
			buildSettings = {
				ARCHS = "$(ARCHS_STANDARD_32_BIT)";
				"CODE_SIGN_IDENTITY[sdk=iphoneos*]" = "iPhone Developer";
				GCC_C_LANGUAGE_STANDARD = gnu99;
				GCC_OPTIMIZATION_LEVEL = 0;
				GCC_PREPROCESSOR_DEFINITIONS = DEBUG;
				GCC_SYMBOLS_PRIVATE_EXTERN = NO;
				GCC_VERSION = com.apple.compilers.llvmgcc42;
				GCC_WARN_ABOUT_RETURN_TYPE = YES;
				GCC_WARN_UNUSED_VARIABLE = YES;
				IPHONEOS_DEPLOYMENT_TARGET = 4.3;
				SDKROOT = iphoneos;
			};
			name = Debug;
		};
		E372183F13B72C79000684BB /* Release */ = {
			isa = XCBuildConfiguration;
			buildSettings = {
				ARCHS = "$(ARCHS_STANDARD_32_BIT)";
				"CODE_SIGN_IDENTITY[sdk=iphoneos*]" = "iPhone Developer";
				GCC_C_LANGUAGE_STANDARD = gnu99;
				GCC_VERSION = com.apple.compilers.llvmgcc42;
				GCC_WARN_ABOUT_RETURN_TYPE = YES;
				GCC_WARN_UNUSED_VARIABLE = YES;
				IPHONEOS_DEPLOYMENT_TARGET = 4.3;
				OTHER_CFLAGS = "-DNS_BLOCK_ASSERTIONS=1";
				SDKROOT = iphoneos;
			};
			name = Release;
		};
		E372184113B72C79000684BB /* Debug */ = {
			isa = XCBuildConfiguration;
			buildSettings = {
				ALWAYS_SEARCH_USER_PATHS = NO;
				COPY_PHASE_STRIP = NO;
				GCC_DYNAMIC_NO_PIC = NO;
				GCC_PRECOMPILE_PREFIX_HEADER = YES;
				GCC_PREFIX_HEADER = "geoconverter/geoconverter-Prefix.pch";
				INFOPLIST_FILE = "geoconverter/geoconverter-Info.plist";
				PRODUCT_NAME = "$(TARGET_NAME)";
				WRAPPER_EXTENSION = app;
			};
			name = Debug;
		};
		E372184213B72C79000684BB /* Release */ = {
			isa = XCBuildConfiguration;
			buildSettings = {
				ALWAYS_SEARCH_USER_PATHS = NO;
				COPY_PHASE_STRIP = YES;
				GCC_PRECOMPILE_PREFIX_HEADER = YES;
				GCC_PREFIX_HEADER = "geoconverter/geoconverter-Prefix.pch";
				INFOPLIST_FILE = "geoconverter/geoconverter-Info.plist";
				PRODUCT_NAME = "$(TARGET_NAME)";
				VALIDATE_PRODUCT = YES;
				WRAPPER_EXTENSION = app;
			};
			name = Release;
		};
/* End XCBuildConfiguration section */

/* Begin XCConfigurationList section */
		E372181313B72C78000684BB /* Build configuration list for PBXProject "geoconverter" */ = {
			isa = XCConfigurationList;
			buildConfigurations = (
				E372183E13B72C79000684BB /* Debug */,
				E372183F13B72C79000684BB /* Release */,
			);
			defaultConfigurationIsVisible = 0;
			defaultConfigurationName = Release;
		};
		E372184013B72C79000684BB /* Build configuration list for PBXNativeTarget "geoconverter" */ = {
			isa = XCConfigurationList;
			buildConfigurations = (
				E372184113B72C79000684BB /* Debug */,
				E372184213B72C79000684BB /* Release */,
			);
			defaultConfigurationIsVisible = 0;
		};
/* End XCConfigurationList section */
	};
	rootObject = E372181013B72C78000684BB /* Project object */;
}
