// !$*UTF8*$!
{
	archiveVersion = 1;
	classes = {
	};
	objectVersion = 46;
	objects = {

/* Begin PBXBuildFile section */
		E3425B8313BAC4FA00E6954E /* InfoPlist.strings in Resources */ = {isa = PBXBuildFile; fileRef = E3425B8113BAC4FA00E6954E /* InfoPlist.strings */; };
		E3425B8613BAC59A00E6954E /* Root.strings in Resources */ = {isa = PBXBuildFile; fileRef = E3425B8413BAC59A00E6954E /* Root.strings */; };
		E34CD2FC13BA31D7008B84B6 /* Localizable.strings in Resources */ = {isa = PBXBuildFile; fileRef = E34CD2FA13BA31D7008B84B6 /* Localizable.strings */; };
		E3706AE513BB53DB0078D50D /* help.html in Resources */ = {isa = PBXBuildFile; fileRef = E3706AE313BB53DB0078D50D /* help.html */; };
		E372181E13B72C78000684BB /* UIKit.framework in Frameworks */ = {isa = PBXBuildFile; fileRef = E372181D13B72C78000684BB /* UIKit.framework */; };
		E372182013B72C78000684BB /* Foundation.framework in Frameworks */ = {isa = PBXBuildFile; fileRef = E372181F13B72C78000684BB /* Foundation.framework */; };
		E372182213B72C78000684BB /* CoreGraphics.framework in Frameworks */ = {isa = PBXBuildFile; fileRef = E372182113B72C78000684BB /* CoreGraphics.framework */; };
		E372182813B72C78000684BB /* InfoPlist.strings in Resources */ = {isa = PBXBuildFile; fileRef = E372182613B72C78000684BB /* InfoPlist.strings */; };
		E372182B13B72C78000684BB /* main.m in Sources */ = {isa = PBXBuildFile; fileRef = E372182A13B72C78000684BB /* main.m */; };
		E372182E13B72C78000684BB /* geoconverterAppDelegate.m in Sources */ = {isa = PBXBuildFile; fileRef = E372182D13B72C78000684BB /* geoconverterAppDelegate.m */; };
		E372183113B72C78000684BB /* MainWindow.xib in Resources */ = {isa = PBXBuildFile; fileRef = E372182F13B72C78000684BB /* MainWindow.xib */; };
		E372184413B74CA0000684BB /* CoreLocation.framework in Frameworks */ = {isa = PBXBuildFile; fileRef = E372184313B74CA0000684BB /* CoreLocation.framework */; };
		E372184613B75223000684BB /* MapKit.framework in Frameworks */ = {isa = PBXBuildFile; fileRef = E372184513B75223000684BB /* MapKit.framework */; };
		E3757FA913B9C8840095BB33 /* GTMHTTPFetcher.m in Sources */ = {isa = PBXBuildFile; fileRef = E3757FA813B9C8840095BB33 /* GTMHTTPFetcher.m */; };
		E3757FAB13B9CD8C0095BB33 /* RootVC.xib in Resources */ = {isa = PBXBuildFile; fileRef = E3757FAD13B9CD8C0095BB33 /* RootVC.xib */; };
		E396845D13B9D45500BC5D5E /* NSObject+SBJson.m in Sources */ = {isa = PBXBuildFile; fileRef = E396844513B9D45500BC5D5E /* NSObject+SBJson.m */; };
		E396845E13B9D45500BC5D5E /* SBJsonParser.m in Sources */ = {isa = PBXBuildFile; fileRef = E396844813B9D45500BC5D5E /* SBJsonParser.m */; };
		E396845F13B9D45500BC5D5E /* SBJsonStreamParser.m in Sources */ = {isa = PBXBuildFile; fileRef = E396844A13B9D45500BC5D5E /* SBJsonStreamParser.m */; };
		E396846013B9D45500BC5D5E /* SBJsonStreamParserAccumulator.m in Sources */ = {isa = PBXBuildFile; fileRef = E396844C13B9D45500BC5D5E /* SBJsonStreamParserAccumulator.m */; };
		E396846113B9D45500BC5D5E /* SBJsonStreamParserAdapter.m in Sources */ = {isa = PBXBuildFile; fileRef = E396844E13B9D45500BC5D5E /* SBJsonStreamParserAdapter.m */; };
		E396846213B9D45500BC5D5E /* SBJsonStreamParserState.m in Sources */ = {isa = PBXBuildFile; fileRef = E396845013B9D45500BC5D5E /* SBJsonStreamParserState.m */; };
		E396846313B9D45500BC5D5E /* SBJsonStreamWriter.m in Sources */ = {isa = PBXBuildFile; fileRef = E396845213B9D45500BC5D5E /* SBJsonStreamWriter.m */; };
		E396846413B9D45500BC5D5E /* SBJsonStreamWriterAccumulator.m in Sources */ = {isa = PBXBuildFile; fileRef = E396845413B9D45500BC5D5E /* SBJsonStreamWriterAccumulator.m */; };
		E396846513B9D45500BC5D5E /* SBJsonStreamWriterState.m in Sources */ = {isa = PBXBuildFile; fileRef = E396845613B9D45500BC5D5E /* SBJsonStreamWriterState.m */; };
		E396846613B9D45500BC5D5E /* SBJsonTokeniser.m in Sources */ = {isa = PBXBuildFile; fileRef = E396845813B9D45500BC5D5E /* SBJsonTokeniser.m */; };
		E396846713B9D45500BC5D5E /* SBJsonUTF8Stream.m in Sources */ = {isa = PBXBuildFile; fileRef = E396845A13B9D45500BC5D5E /* SBJsonUTF8Stream.m */; };
		E396846813B9D45500BC5D5E /* SBJsonWriter.m in Sources */ = {isa = PBXBuildFile; fileRef = E396845C13B9D45500BC5D5E /* SBJsonWriter.m */; };
		E3994E1A13BB41FA00BFC67A /* HelpVC.m in Sources */ = {isa = PBXBuildFile; fileRef = E3994E1813BB41FA00BFC67A /* HelpVC.m */; };
		E3994E1B13BB41FA00BFC67A /* HelpVC.xib in Resources */ = {isa = PBXBuildFile; fileRef = E3994E1913BB41FA00BFC67A /* HelpVC.xib */; };
		E3B3432C13B835B300364A56 /* RootVC.m in Sources */ = {isa = PBXBuildFile; fileRef = E3B3432A13B835B200364A56 /* RootVC.m */; };
		E3FB5E5113BA3E970009BE8A /* Settings.bundle in Resources */ = {isa = PBXBuildFile; fileRef = E3FB5E5013BA3E970009BE8A /* Settings.bundle */; };
/* End PBXBuildFile section */

/* Begin PBXFileReference section */
		E3425B8213BAC4FA00E6954E /* zh-Hans */ = {isa = PBXFileReference; lastKnownFileType = text.plist.strings; name = "zh-Hans"; path = "geoconverter/zh-Hans.lproj/InfoPlist.strings"; sourceTree = "<group>"; };
		E34CD2FB13BA31D7008B84B6 /* en */ = {isa = PBXFileReference; lastKnownFileType = text.plist.strings; name = en; path = geoconverter/en.lproj/Localizable.strings; sourceTree = "<group>"; };
		E34CD2FD13BA3251008B84B6 /* zh-Hans */ = {isa = PBXFileReference; lastKnownFileType = text.plist.strings; name = "zh-Hans"; path = "geoconverter/zh-Hans.lproj/Localizable.strings"; sourceTree = "<group>"; };
		E3706AE413BB53DB0078D50D /* en */ = {isa = PBXFileReference; lastKnownFileType = text.html; name = en; path = en.lproj/help.html; sourceTree = "<group>"; };
		E3706AE613BB53E50078D50D /* zh-Hans */ = {isa = PBXFileReference; lastKnownFileType = text.html; name = "zh-Hans"; path = "zh-Hans.lproj/help.html"; sourceTree = "<group>"; };
		E372181913B72C78000684BB /* geoconverter.app */ = {isa = PBXFileReference; explicitFileType = wrapper.application; includeInIndex = 0; path = geoconverter.app; sourceTree = BUILT_PRODUCTS_DIR; };
		E372181D13B72C78000684BB /* UIKit.framework */ = {isa = PBXFileReference; lastKnownFileType = wrapper.framework; name = UIKit.framework; path = System/Library/Frameworks/UIKit.framework; sourceTree = SDKROOT; };
		E372181F13B72C78000684BB /* Foundation.framework */ = {isa = PBXFileReference; lastKnownFileType = wrapper.framework; name = Foundation.framework; path = System/Library/Frameworks/Foundation.framework; sourceTree = SDKROOT; };
		E372182113B72C78000684BB /* CoreGraphics.framework */ = {isa = PBXFileReference; lastKnownFileType = wrapper.framework; name = CoreGraphics.framework; path = System/Library/Frameworks/CoreGraphics.framework; sourceTree = SDKROOT; };
		E372182513B72C78000684BB /* geoconverter-Info.plist */ = {isa = PBXFileReference; lastKnownFileType = text.plist.xml; path = "geoconverter-Info.plist"; sourceTree = "<group>"; };
		E372182713B72C78000684BB /* en */ = {isa = PBXFileReference; lastKnownFileType = text.plist.strings; name = en; path = en.lproj/InfoPlist.strings; sourceTree = "<group>"; };
		E372182913B72C78000684BB /* geoconverter-Prefix.pch */ = {isa = PBXFileReference; lastKnownFileType = sourcecode.c.h; path = "geoconverter-Prefix.pch"; sourceTree = "<group>"; };
		E372182A13B72C78000684BB /* main.m */ = {isa = PBXFileReference; lastKnownFileType = sourcecode.c.objc; path = main.m; sourceTree = "<group>"; };
		E372182C13B72C78000684BB /* geoconverterAppDelegate.h */ = {isa = PBXFileReference; lastKnownFileType = sourcecode.c.h; path = geoconverterAppDelegate.h; sourceTree = "<group>"; };
		E372182D13B72C78000684BB /* geoconverterAppDelegate.m */ = {isa = PBXFileReference; lastKnownFileType = sourcecode.c.objc; path = geoconverterAppDelegate.m; sourceTree = "<group>"; };
		E372183013B72C78000684BB /* en */ = {isa = PBXFileReference; lastKnownFileType = file.xib; name = en; path = en.lproj/MainWindow.xib; sourceTree = "<group>"; };
		E372184313B74CA0000684BB /* CoreLocation.framework */ = {isa = PBXFileReference; lastKnownFileType = wrapper.framework; name = CoreLocation.framework; path = System/Library/Frameworks/CoreLocation.framework; sourceTree = SDKROOT; };
		E372184513B75223000684BB /* MapKit.framework */ = {isa = PBXFileReference; lastKnownFileType = wrapper.framework; name = MapKit.framework; path = System/Library/Frameworks/MapKit.framework; sourceTree = SDKROOT; };
		E3757FA713B9C8840095BB33 /* GTMHTTPFetcher.h */ = {isa = PBXFileReference; fileEncoding = 4; lastKnownFileType = sourcecode.c.h; path = GTMHTTPFetcher.h; sourceTree = "<group>"; };
		E3757FA813B9C8840095BB33 /* GTMHTTPFetcher.m */ = {isa = PBXFileReference; fileEncoding = 4; lastKnownFileType = sourcecode.c.objc; path = GTMHTTPFetcher.m; sourceTree = "<group>"; };
		E3757FAC13B9CD8C0095BB33 /* en */ = {isa = PBXFileReference; lastKnownFileType = file.xib; name = en; path = en.lproj/RootVC.xib; sourceTree = "<group>"; };
		E3757FAE13B9CDFE0095BB33 /* zh-Hans */ = {isa = PBXFileReference; lastKnownFileType = file.xib; name = "zh-Hans"; path = "zh-Hans.lproj/RootVC.xib"; sourceTree = "<group>"; };
		E396844313B9D45500BC5D5E /* JSON.h */ = {isa = PBXFileReference; fileEncoding = 4; lastKnownFileType = sourcecode.c.h; path = JSON.h; sourceTree = "<group>"; };
		E396844413B9D45500BC5D5E /* NSObject+SBJson.h */ = {isa = PBXFileReference; fileEncoding = 4; lastKnownFileType = sourcecode.c.h; path = "NSObject+SBJson.h"; sourceTree = "<group>"; };
		E396844513B9D45500BC5D5E /* NSObject+SBJson.m */ = {isa = PBXFileReference; fileEncoding = 4; lastKnownFileType = sourcecode.c.objc; path = "NSObject+SBJson.m"; sourceTree = "<group>"; };
		E396844613B9D45500BC5D5E /* SBJson.h */ = {isa = PBXFileReference; fileEncoding = 4; lastKnownFileType = sourcecode.c.h; path = SBJson.h; sourceTree = "<group>"; };
		E396844713B9D45500BC5D5E /* SBJsonParser.h */ = {isa = PBXFileReference; fileEncoding = 4; lastKnownFileType = sourcecode.c.h; path = SBJsonParser.h; sourceTree = "<group>"; };
		E396844813B9D45500BC5D5E /* SBJsonParser.m */ = {isa = PBXFileReference; fileEncoding = 4; lastKnownFileType = sourcecode.c.objc; path = SBJsonParser.m; sourceTree = "<group>"; };
		E396844913B9D45500BC5D5E /* SBJsonStreamParser.h */ = {isa = PBXFileReference; fileEncoding = 4; lastKnownFileType = sourcecode.c.h; path = SBJsonStreamParser.h; sourceTree = "<group>"; };
		E396844A13B9D45500BC5D5E /* SBJsonStreamParser.m */ = {isa = PBXFileReference; fileEncoding = 4; lastKnownFileType = sourcecode.c.objc; path = SBJsonStreamParser.m; sourceTree = "<group>"; };
		E396844B13B9D45500BC5D5E /* SBJsonStreamParserAccumulator.h */ = {isa = PBXFileReference; fileEncoding = 4; lastKnownFileType = sourcecode.c.h; path = SBJsonStreamParserAccumulator.h; sourceTree = "<group>"; };
		E396844C13B9D45500BC5D5E /* SBJsonStreamParserAccumulator.m */ = {isa = PBXFileReference; fileEncoding = 4; lastKnownFileType = sourcecode.c.objc; path = SBJsonStreamParserAccumulator.m; sourceTree = "<group>"; };
		E396844D13B9D45500BC5D5E /* SBJsonStreamParserAdapter.h */ = {isa = PBXFileReference; fileEncoding = 4; lastKnownFileType = sourcecode.c.h; path = SBJsonStreamParserAdapter.h; sourceTree = "<group>"; };
		E396844E13B9D45500BC5D5E /* SBJsonStreamParserAdapter.m */ = {isa = PBXFileReference; fileEncoding = 4; lastKnownFileType = sourcecode.c.objc; path = SBJsonStreamParserAdapter.m; sourceTree = "<group>"; };
		E396844F13B9D45500BC5D5E /* SBJsonStreamParserState.h */ = {isa = PBXFileReference; fileEncoding = 4; lastKnownFileType = sourcecode.c.h; path = SBJsonStreamParserState.h; sourceTree = "<group>"; };
		E396845013B9D45500BC5D5E /* SBJsonStreamParserState.m */ = {isa = PBXFileReference; fileEncoding = 4; lastKnownFileType = sourcecode.c.objc; path = SBJsonStreamParserState.m; sourceTree = "<group>"; };
		E396845113B9D45500BC5D5E /* SBJsonStreamWriter.h */ = {isa = PBXFileReference; fileEncoding = 4; lastKnownFileType = sourcecode.c.h; path = SBJsonStreamWriter.h; sourceTree = "<group>"; };
		E396845213B9D45500BC5D5E /* SBJsonStreamWriter.m */ = {isa = PBXFileReference; fileEncoding = 4; lastKnownFileType = sourcecode.c.objc; path = SBJsonStreamWriter.m; sourceTree = "<group>"; };
		E396845313B9D45500BC5D5E /* SBJsonStreamWriterAccumulator.h */ = {isa = PBXFileReference; fileEncoding = 4; lastKnownFileType = sourcecode.c.h; path = SBJsonStreamWriterAccumulator.h; sourceTree = "<group>"; };
		E396845413B9D45500BC5D5E /* SBJsonStreamWriterAccumulator.m */ = {isa = PBXFileReference; fileEncoding = 4; lastKnownFileType = sourcecode.c.objc; path = SBJsonStreamWriterAccumulator.m; sourceTree = "<group>"; };
		E396845513B9D45500BC5D5E /* SBJsonStreamWriterState.h */ = {isa = PBXFileReference; fileEncoding = 4; lastKnownFileType = sourcecode.c.h; path = SBJsonStreamWriterState.h; sourceTree = "<group>"; };
		E396845613B9D45500BC5D5E /* SBJsonStreamWriterState.m */ = {isa = PBXFileReference; fileEncoding = 4; lastKnownFileType = sourcecode.c.objc; path = SBJsonStreamWriterState.m; sourceTree = "<group>"; };
		E396845713B9D45500BC5D5E /* SBJsonTokeniser.h */ = {isa = PBXFileReference; fileEncoding = 4; lastKnownFileType = sourcecode.c.h; path = SBJsonTokeniser.h; sourceTree = "<group>"; };
		E396845813B9D45500BC5D5E /* SBJsonTokeniser.m */ = {isa = PBXFileReference; fileEncoding = 4; lastKnownFileType = sourcecode.c.objc; path = SBJsonTokeniser.m; sourceTree = "<group>"; };
		E396845913B9D45500BC5D5E /* SBJsonUTF8Stream.h */ = {isa = PBXFileReference; fileEncoding = 4; lastKnownFileType = sourcecode.c.h; path = SBJsonUTF8Stream.h; sourceTree = "<group>"; };
		E396845A13B9D45500BC5D5E /* SBJsonUTF8Stream.m */ = {isa = PBXFileReference; fileEncoding = 4; lastKnownFileType = sourcecode.c.objc; path = SBJsonUTF8Stream.m; sourceTree = "<group>"; };
		E396845B13B9D45500BC5D5E /* SBJsonWriter.h */ = {isa = PBXFileReference; fileEncoding = 4; lastKnownFileType = sourcecode.c.h; path = SBJsonWriter.h; sourceTree = "<group>"; };
		E396845C13B9D45500BC5D5E /* SBJsonWriter.m */ = {isa = PBXFileReference; fileEncoding = 4; lastKnownFileType = sourcecode.c.objc; path = SBJsonWriter.m; sourceTree = "<group>"; };
		E3994E1713BB41FA00BFC67A /* HelpVC.h */ = {isa = PBXFileReference; fileEncoding = 4; lastKnownFileType = sourcecode.c.h; path = HelpVC.h; sourceTree = "<group>"; };
		E3994E1813BB41FA00BFC67A /* HelpVC.m */ = {isa = PBXFileReference; fileEncoding = 4; lastKnownFileType = sourcecode.c.objc; path = HelpVC.m; sourceTree = "<group>"; };
		E3994E1913BB41FA00BFC67A /* HelpVC.xib */ = {isa = PBXFileReference; fileEncoding = 4; lastKnownFileType = file.xib; path = HelpVC.xib; sourceTree = "<group>"; };
		E3B3432913B835B200364A56 /* RootVC.h */ = {isa = PBXFileReference; fileEncoding = 4; lastKnownFileType = sourcecode.c.h; path = RootVC.h; sourceTree = "<group>"; };
		E3B3432A13B835B200364A56 /* RootVC.m */ = {isa = PBXFileReference; fileEncoding = 4; lastKnownFileType = sourcecode.c.objc; path = RootVC.m; sourceTree = "<group>"; };
		E3FB5E5013BA3E970009BE8A /* Settings.bundle */ = {isa = PBXFileReference; lastKnownFileType = "wrapper.plug-in"; name = Settings.bundle; path = ../Settings.bundle; sourceTree = "<group>"; };
/* End PBXFileReference section */

/* Begin PBXFrameworksBuildPhase section */
		E372181613B72C78000684BB /* Frameworks */ = {
			isa = PBXFrameworksBuildPhase;
			buildActionMask = 2147483647;
			files = (
				E372184613B75223000684BB /* MapKit.framework in Frameworks */,
				E372184413B74CA0000684BB /* CoreLocation.framework in Frameworks */,
				E372181E13B72C78000684BB /* UIKit.framework in Frameworks */,
				E372182013B72C78000684BB /* Foundation.framework in Frameworks */,
				E372182213B72C78000684BB /* CoreGraphics.framework in Frameworks */,
			);
			runOnlyForDeploymentPostprocessing = 0;
		};
/* End PBXFrameworksBuildPhase section */

/* Begin PBXGroup section */
		E372180E13B72C78000684BB = {
			isa = PBXGroup;
			children = (
				E372182313B72C78000684BB /* geoconverter */,
				E372181C13B72C78000684BB /* Frameworks */,
				E372181A13B72C78000684BB /* Products */,
			);
			sourceTree = "<group>";
		};
		E372181A13B72C78000684BB /* Products */ = {
			isa = PBXGroup;
			children = (
				E372181913B72C78000684BB /* geoconverter.app */,
			);
			name = Products;
			sourceTree = "<group>";
		};
		E372181C13B72C78000684BB /* Frameworks */ = {
			isa = PBXGroup;
			children = (
				E372184513B75223000684BB /* MapKit.framework */,
				E372184313B74CA0000684BB /* CoreLocation.framework */,
				E372181D13B72C78000684BB /* UIKit.framework */,
				E372181F13B72C78000684BB /* Foundation.framework */,
				E372182113B72C78000684BB /* CoreGraphics.framework */,
			);
			name = Frameworks;
			sourceTree = "<group>";
		};
		E372182313B72C78000684BB /* geoconverter */ = {
			isa = PBXGroup;
			children = (
				E396843913B9D42700BC5D5E /* lib */,
				E372182C13B72C78000684BB /* geoconverterAppDelegate.h */,
				E372182D13B72C78000684BB /* geoconverterAppDelegate.m */,
				E3B3432913B835B200364A56 /* RootVC.h */,
				E3B3432A13B835B200364A56 /* RootVC.m */,
				E3994E1713BB41FA00BFC67A /* HelpVC.h */,
				E3994E1813BB41FA00BFC67A /* HelpVC.m */,
				E372182413B72C78000684BB /* Supporting Files */,
			);
			path = geoconverter;
			sourceTree = "<group>";
		};
		E372182413B72C78000684BB /* Supporting Files */ = {
			isa = PBXGroup;
			children = (
				E3706AE313BB53DB0078D50D /* help.html */,
				E3994E1913BB41FA00BFC67A /* HelpVC.xib */,
				E3757FAD13B9CD8C0095BB33 /* RootVC.xib */,
				E372182F13B72C78000684BB /* MainWindow.xib */,
				E3FB5E5013BA3E970009BE8A /* Settings.bundle */,
				E34CD2FA13BA31D7008B84B6 /* Localizable.strings */,
				E372182513B72C78000684BB /* geoconverter-Info.plist */,
				E372182613B72C78000684BB /* InfoPlist.strings */,
				E3425B8113BAC4FA00E6954E /* InfoPlist.strings */,
				E372182913B72C78000684BB /* geoconverter-Prefix.pch */,
				E372182A13B72C78000684BB /* main.m */,
			);
			name = "Supporting Files";
			sourceTree = "<group>";
		};
		E396843913B9D42700BC5D5E /* lib */ = {
			isa = PBXGroup;
			children = (
				E396844313B9D45500BC5D5E /* JSON.h */,
				E396844413B9D45500BC5D5E /* NSObject+SBJson.h */,
				E396844513B9D45500BC5D5E /* NSObject+SBJson.m */,
				E396844613B9D45500BC5D5E /* SBJson.h */,
				E396844713B9D45500BC5D5E /* SBJsonParser.h */,
				E396844813B9D45500BC5D5E /* SBJsonParser.m */,
				E396844913B9D45500BC5D5E /* SBJsonStreamParser.h */,
				E396844A13B9D45500BC5D5E /* SBJsonStreamParser.m */,
				E396844B13B9D45500BC5D5E /* SBJsonStreamParserAccumulator.h */,
				E396844C13B9D45500BC5D5E /* SBJsonStreamParserAccumulator.m */,
				E396844D13B9D45500BC5D5E /* SBJsonStreamParserAdapter.h */,
				E396844E13B9D45500BC5D5E /* SBJsonStreamParserAdapter.m */,
				E396844F13B9D45500BC5D5E /* SBJsonStreamParserState.h */,
				E396845013B9D45500BC5D5E /* SBJsonStreamParserState.m */,
				E396845113B9D45500BC5D5E /* SBJsonStreamWriter.h */,
				E396845213B9D45500BC5D5E /* SBJsonStreamWriter.m */,
				E396845313B9D45500BC5D5E /* SBJsonStreamWriterAccumulator.h */,
				E396845413B9D45500BC5D5E /* SBJsonStreamWriterAccumulator.m */,
				E396845513B9D45500BC5D5E /* SBJsonStreamWriterState.h */,
				E396845613B9D45500BC5D5E /* SBJsonStreamWriterState.m */,
				E396845713B9D45500BC5D5E /* SBJsonTokeniser.h */,
				E396845813B9D45500BC5D5E /* SBJsonTokeniser.m */,
				E396845913B9D45500BC5D5E /* SBJsonUTF8Stream.h */,
				E396845A13B9D45500BC5D5E /* SBJsonUTF8Stream.m */,
				E396845B13B9D45500BC5D5E /* SBJsonWriter.h */,
				E396845C13B9D45500BC5D5E /* SBJsonWriter.m */,
				E3757FA713B9C8840095BB33 /* GTMHTTPFetcher.h */,
				E3757FA813B9C8840095BB33 /* GTMHTTPFetcher.m */,
			);
			name = lib;
			sourceTree = "<group>";
		};
/* End PBXGroup section */

/* Begin PBXNativeTarget section */
		E372181813B72C78000684BB /* geoconverter */ = {
			isa = PBXNativeTarget;
			buildConfigurationList = E372184013B72C79000684BB /* Build configuration list for PBXNativeTarget "geoconverter" */;
			buildPhases = (
				E372181513B72C78000684BB /* Sources */,
				E372181613B72C78000684BB /* Frameworks */,
				E372181713B72C78000684BB /* Resources */,
			);
			buildRules = (
			);
			dependencies = (
			);
			name = geoconverter;
			productName = geoconverter;
			productReference = E372181913B72C78000684BB /* geoconverter.app */;
			productType = "com.apple.product-type.application";
		};
/* End PBXNativeTarget section */

/* Begin PBXProject section */
		E372181013B72C78000684BB /* Project object */ = {
			isa = PBXProject;
			attributes = {
				ORGANIZATIONNAME = ibm;
			};
			buildConfigurationList = E372181313B72C78000684BB /* Build configuration list for PBXProject "geoconverter" */;
			compatibilityVersion = "Xcode 3.2";
			developmentRegion = English;
			hasScannedForEncodings = 0;
			knownRegions = (
				en,
				"zh-Hans",
				zh_Hans,
			);
			mainGroup = E372180E13B72C78000684BB;
			productRefGroup = E372181A13B72C78000684BB /* Products */;
			projectDirPath = "";
			projectRoot = "";
			targets = (
				E372181813B72C78000684BB /* geoconverter */,
			);
		};
/* End PBXProject section */

/* Begin PBXResourcesBuildPhase section */
		E372181713B72C78000684BB /* Resources */ = {
			isa = PBXResourcesBuildPhase;
			buildActionMask = 2147483647;
			files = (
				E3425B8313BAC4FA00E6954E /* InfoPlist.strings in Resources */,
				E34CD2FC13BA31D7008B84B6 /* Localizable.strings in Resources */,
				E372182813B72C78000684BB /* InfoPlist.strings in Resources */,
				E372183113B72C78000684BB /* MainWindow.xib in Resources */,
				E3757FAB13B9CD8C0095BB33 /* RootVC.xib in Resources */,
				E3FB5E5113BA3E970009BE8A /* Settings.bundle in Resources */,
				E3425B8613BAC59A00E6954E /* Root.strings in Resources */,
				E3994E1B13BB41FA00BFC67A /* HelpVC.xib in Resources */,
				E3706AE513BB53DB0078D50D /* help.html in Resources */,
			);
			runOnlyForDeploymentPostprocessing = 0;
		};
/* End PBXResourcesBuildPhase section */

/* Begin PBXSourcesBuildPhase section */
		E372181513B72C78000684BB /* Sources */ = {
			isa = PBXSourcesBuildPhase;
			buildActionMask = 2147483647;
			files = (
				E372182B13B72C78000684BB /* main.m in Sources */,
				E372182E13B72C78000684BB /* geoconverterAppDelegate.m in Sources */,
				E3B3432C13B835B300364A56 /* RootVC.m in Sources */,
				E3757FA913B9C8840095BB33 /* GTMHTTPFetcher.m in Sources */,
				E396845D13B9D45500BC5D5E /* NSObject+SBJson.m in Sources */,
				E396845E13B9D45500BC5D5E /* SBJsonParser.m in Sources */,
				E396845F13B9D45500BC5D5E /* SBJsonStreamParser.m in Sources */,
				E396846013B9D45500BC5D5E /* SBJsonStreamParserAccumulator.m in Sources */,
				E396846113B9D45500BC5D5E /* SBJsonStreamParserAdapter.m in Sources */,
				E396846213B9D45500BC5D5E /* SBJsonStreamParserState.m in Sources */,
				E396846313B9D45500BC5D5E /* SBJsonStreamWriter.m in Sources */,
				E396846413B9D45500BC5D5E /* SBJsonStreamWriterAccumulator.m in Sources */,
				E396846513B9D45500BC5D5E /* SBJsonStreamWriterState.m in Sources */,
				E396846613B9D45500BC5D5E /* SBJsonTokeniser.m in Sources */,
				E396846713B9D45500BC5D5E /* SBJsonUTF8Stream.m in Sources */,
				E396846813B9D45500BC5D5E /* SBJsonWriter.m in Sources */,
				E3994E1A13BB41FA00BFC67A /* HelpVC.m in Sources */,
			);
			runOnlyForDeploymentPostprocessing = 0;
		};
/* End PBXSourcesBuildPhase section */

/* Begin PBXVariantGroup section */
		E3425B8113BAC4FA00E6954E /* InfoPlist.strings */ = {
			isa = PBXVariantGroup;
			children = (
				E3425B8213BAC4FA00E6954E /* zh-Hans */,
			);
			name = InfoPlist.strings;
			path = ..;
			sourceTree = "<group>";
		};
		E3425B8413BAC59A00E6954E /* Root.strings */ = {
			isa = PBXVariantGroup;
			children = (
			);
			name = Root.strings;
			path = /Users/lich0079/Documents/XcodeProject/geoconverter;
			sourceTree = "<absolute>";
		};
		E34CD2FA13BA31D7008B84B6 /* Localizable.strings */ = {
			isa = PBXVariantGroup;
			children = (
				E34CD2FB13BA31D7008B84B6 /* en */,
				E34CD2FD13BA3251008B84B6 /* zh-Hans */,
			);
			name = Localizable.strings;
			path = ..;
			sourceTree = "<group>";
		};
		E3706AE313BB53DB0078D50D /* help.html */ = {
			isa = PBXVariantGroup;
			children = (
				E3706AE413BB53DB0078D50D /* en */,
				E3706AE613BB53E50078D50D /* zh-Hans */,
			);
			name = help.html;
			sourceTree = "<group>";
		};
		E372182613B72C78000684BB /* InfoPlist.strings */ = {
			isa = PBXVariantGroup;
			children = (
				E372182713B72C78000684BB /* en */,
			);
			name = InfoPlist.strings;
			sourceTree = "<group>";
		};
		E372182F13B72C78000684BB /* MainWindow.xib */ = {
			isa = PBXVariantGroup;
			children = (
				E372183013B72C78000684BB /* en */,
			);
			name = MainWindow.xib;
			sourceTree = "<group>";
		};
		E3757FAD13B9CD8C0095BB33 /* RootVC.xib */ = {
			isa = PBXVariantGroup;
			children = (
				E3757FAC13B9CD8C0095BB33 /* en */,
				E3757FAE13B9CDFE0095BB33 /* zh-Hans */,
			);
			name = RootVC.xib;
			sourceTree = "<group>";
		};
/* End PBXVariantGroup section */

/* Begin XCBuildConfiguration section */
		E372183E13B72C79000684BB /* Debug */ = {
			isa = XCBuildConfiguration;
			buildSettings = {
				ARCHS = "$(ARCHS_STANDARD_32_BIT)";
				"CODE_SIGN_IDENTITY[sdk=iphoneos*]" = "iPhone Developer";
				GCC_C_LANGUAGE_STANDARD = gnu99;
				GCC_OPTIMIZATION_LEVEL = 0;
				GCC_PREPROCESSOR_DEFINITIONS = DEBUG;
				GCC_SYMBOLS_PRIVATE_EXTERN = NO;
				GCC_VERSION = com.apple.compilers.llvmgcc42;
				GCC_WARN_ABOUT_RETURN_TYPE = YES;
				GCC_WARN_UNUSED_VARIABLE = YES;
				IPHONEOS_DEPLOYMENT_TARGET = 4.3;
				SDKROOT = iphoneos;
			};
			name = Debug;
		};
		E372183F13B72C79000684BB /* Release */ = {
			isa = XCBuildConfiguration;
			buildSettings = {
				ARCHS = "$(ARCHS_STANDARD_32_BIT)";
				"CODE_SIGN_IDENTITY[sdk=iphoneos*]" = "iPhone Developer";
				GCC_C_LANGUAGE_STANDARD = gnu99;
				GCC_VERSION = com.apple.compilers.llvmgcc42;
				GCC_WARN_ABOUT_RETURN_TYPE = YES;
				GCC_WARN_UNUSED_VARIABLE = YES;
				IPHONEOS_DEPLOYMENT_TARGET = 4.3;
				OTHER_CFLAGS = "-DNS_BLOCK_ASSERTIONS=1";
				SDKROOT = iphoneos;
			};
			name = Release;
		};
		E372184113B72C79000684BB /* Debug */ = {
			isa = XCBuildConfiguration;
			buildSettings = {
				ALWAYS_SEARCH_USER_PATHS = NO;
				COPY_PHASE_STRIP = NO;
				GCC_DYNAMIC_NO_PIC = NO;
				GCC_PRECOMPILE_PREFIX_HEADER = YES;
				GCC_PREFIX_HEADER = "geoconverter/geoconverter-Prefix.pch";
				INFOPLIST_FILE = "geoconverter/geoconverter-Info.plist";
				PRODUCT_NAME = "$(TARGET_NAME)";
				WRAPPER_EXTENSION = app;
			};
			name = Debug;
		};
		E372184213B72C79000684BB /* Release */ = {
			isa = XCBuildConfiguration;
			buildSettings = {
				ALWAYS_SEARCH_USER_PATHS = NO;
				COPY_PHASE_STRIP = YES;
				GCC_PRECOMPILE_PREFIX_HEADER = YES;
				GCC_PREFIX_HEADER = "geoconverter/geoconverter-Prefix.pch";
				INFOPLIST_FILE = "geoconverter/geoconverter-Info.plist";
				PRODUCT_NAME = "$(TARGET_NAME)";
				VALIDATE_PRODUCT = YES;
				WRAPPER_EXTENSION = app;
			};
			name = Release;
		};
/* End XCBuildConfiguration section */

/* Begin XCConfigurationList section */
		E372181313B72C78000684BB /* Build configuration list for PBXProject "geoconverter" */ = {
			isa = XCConfigurationList;
			buildConfigurations = (
				E372183E13B72C79000684BB /* Debug */,
				E372183F13B72C79000684BB /* Release */,
			);
			defaultConfigurationIsVisible = 0;
			defaultConfigurationName = Release;
		};
		E372184013B72C79000684BB /* Build configuration list for PBXNativeTarget "geoconverter" */ = {
			isa = XCConfigurationList;
			buildConfigurations = (
				E372184113B72C79000684BB /* Debug */,
				E372184213B72C79000684BB /* Release */,
			);
			defaultConfigurationIsVisible = 0;
			defaultConfigurationName = Release;
		};
/* End XCConfigurationList section */
	};
	rootObject = E372181013B72C78000684BB /* Project object */;
}
